// !$*UTF8*$!
{
	archiveVersion = 1;
	classes = {
	};
	objectVersion = 50;
	objects = {

/* Begin PBXBuildFile section */
		5AE1F7ED265A2F1000EE889F /* AppDelegate.swift in Sources */ = {isa = PBXBuildFile; fileRef = 5AE1F7EC265A2F1000EE889F /* AppDelegate.swift */; };
		5AE1F7EF265A2F1000EE889F /* SceneDelegate.swift in Sources */ = {isa = PBXBuildFile; fileRef = 5AE1F7EE265A2F1000EE889F /* SceneDelegate.swift */; };
		5AE1F7F1265A2F1000EE889F /* ViewController.swift in Sources */ = {isa = PBXBuildFile; fileRef = 5AE1F7F0265A2F1000EE889F /* ViewController.swift */; };
		5AE1F7F4265A2F1000EE889F /* Main.storyboard in Resources */ = {isa = PBXBuildFile; fileRef = 5AE1F7F2265A2F1000EE889F /* Main.storyboard */; };
		5AE1F7F6265A2F1300EE889F /* Assets.xcassets in Resources */ = {isa = PBXBuildFile; fileRef = 5AE1F7F5265A2F1300EE889F /* Assets.xcassets */; };
		5AE1F7F9265A2F1300EE889F /* LaunchScreen.storyboard in Resources */ = {isa = PBXBuildFile; fileRef = 5AE1F7F7265A2F1300EE889F /* LaunchScreen.storyboard */; };
		5AE1F804265A2F1400EE889F /* virtualButtonTests.swift in Sources */ = {isa = PBXBuildFile; fileRef = 5AE1F803265A2F1400EE889F /* virtualButtonTests.swift */; };
		5AE1F80F265A2F1400EE889F /* virtualButtonUITests.swift in Sources */ = {isa = PBXBuildFile; fileRef = 5AE1F80E265A2F1400EE889F /* virtualButtonUITests.swift */; };
/* End PBXBuildFile section */

/* Begin PBXContainerItemProxy section */
		5AE1F800265A2F1400EE889F /* PBXContainerItemProxy */ = {
			isa = PBXContainerItemProxy;
			containerPortal = 5AE1F7E1265A2F1000EE889F /* Project object */;
			proxyType = 1;
			remoteGlobalIDString = 5AE1F7E8265A2F1000EE889F;
			remoteInfo = virtualButton;
		};
		5AE1F80B265A2F1400EE889F /* PBXContainerItemProxy */ = {
			isa = PBXContainerItemProxy;
			containerPortal = 5AE1F7E1265A2F1000EE889F /* Project object */;
			proxyType = 1;
			remoteGlobalIDString = 5AE1F7E8265A2F1000EE889F;
			remoteInfo = virtualButton;
		};
/* End PBXContainerItemProxy section */

/* Begin PBXFileReference section */
		5AE1F7E9265A2F1000EE889F /* virtualButton.app */ = {isa = PBXFileReference; explicitFileType = wrapper.application; includeInIndex = 0; path = virtualButton.app; sourceTree = BUILT_PRODUCTS_DIR; };
		5AE1F7EC265A2F1000EE889F /* AppDelegate.swift */ = {isa = PBXFileReference; lastKnownFileType = sourcecode.swift; path = AppDelegate.swift; sourceTree = "<group>"; };
		5AE1F7EE265A2F1000EE889F /* SceneDelegate.swift */ = {isa = PBXFileReference; lastKnownFileType = sourcecode.swift; path = SceneDelegate.swift; sourceTree = "<group>"; };
		5AE1F7F0265A2F1000EE889F /* ViewController.swift */ = {isa = PBXFileReference; lastKnownFileType = sourcecode.swift; path = ViewController.swift; sourceTree = "<group>"; };
		5AE1F7F3265A2F1000EE889F /* Base */ = {isa = PBXFileReference; lastKnownFileType = file.storyboard; name = Base; path = Base.lproj/Main.storyboard; sourceTree = "<group>"; };
		5AE1F7F5265A2F1300EE889F /* Assets.xcassets */ = {isa = PBXFileReference; lastKnownFileType = folder.assetcatalog; path = Assets.xcassets; sourceTree = "<group>"; };
		5AE1F7F8265A2F1300EE889F /* Base */ = {isa = PBXFileReference; lastKnownFileType = file.storyboard; name = Base; path = Base.lproj/LaunchScreen.storyboard; sourceTree = "<group>"; };
		5AE1F7FA265A2F1400EE889F /* Info.plist */ = {isa = PBXFileReference; lastKnownFileType = text.plist.xml; path = Info.plist; sourceTree = "<group>"; };
		5AE1F7FF265A2F1400EE889F /* virtualButtonTests.xctest */ = {isa = PBXFileReference; explicitFileType = wrapper.cfbundle; includeInIndex = 0; path = virtualButtonTests.xctest; sourceTree = BUILT_PRODUCTS_DIR; };
		5AE1F803265A2F1400EE889F /* virtualButtonTests.swift */ = {isa = PBXFileReference; lastKnownFileType = sourcecode.swift; path = virtualButtonTests.swift; sourceTree = "<group>"; };
		5AE1F805265A2F1400EE889F /* Info.plist */ = {isa = PBXFileReference; lastKnownFileType = text.plist.xml; path = Info.plist; sourceTree = "<group>"; };
		5AE1F80A265A2F1400EE889F /* virtualButtonUITests.xctest */ = {isa = PBXFileReference; explicitFileType = wrapper.cfbundle; includeInIndex = 0; path = virtualButtonUITests.xctest; sourceTree = BUILT_PRODUCTS_DIR; };
		5AE1F80E265A2F1400EE889F /* virtualButtonUITests.swift */ = {isa = PBXFileReference; lastKnownFileType = sourcecode.swift; path = virtualButtonUITests.swift; sourceTree = "<group>"; };
		5AE1F810265A2F1400EE889F /* Info.plist */ = {isa = PBXFileReference; lastKnownFileType = text.plist.xml; path = Info.plist; sourceTree = "<group>"; };
/* End PBXFileReference section */

/* Begin PBXFrameworksBuildPhase section */
		5AE1F7E6265A2F1000EE889F /* Frameworks */ = {
			isa = PBXFrameworksBuildPhase;
			buildActionMask = 2147483647;
			files = (
			);
			runOnlyForDeploymentPostprocessing = 0;
		};
		5AE1F7FC265A2F1400EE889F /* Frameworks */ = {
			isa = PBXFrameworksBuildPhase;
			buildActionMask = 2147483647;
			files = (
			);
			runOnlyForDeploymentPostprocessing = 0;
		};
		5AE1F807265A2F1400EE889F /* Frameworks */ = {
			isa = PBXFrameworksBuildPhase;
			buildActionMask = 2147483647;
			files = (
			);
			runOnlyForDeploymentPostprocessing = 0;
		};
/* End PBXFrameworksBuildPhase section */

/* Begin PBXGroup section */
		5AE1F7E0265A2F1000EE889F = {
			isa = PBXGroup;
			children = (
				5AE1F7EB265A2F1000EE889F /* virtualButton */,
				5AE1F802265A2F1400EE889F /* virtualButtonTests */,
				5AE1F80D265A2F1400EE889F /* virtualButtonUITests */,
				5AE1F7EA265A2F1000EE889F /* Products */,
			);
			sourceTree = "<group>";
		};
		5AE1F7EA265A2F1000EE889F /* Products */ = {
			isa = PBXGroup;
			children = (
				5AE1F7E9265A2F1000EE889F /* virtualButton.app */,
				5AE1F7FF265A2F1400EE889F /* virtualButtonTests.xctest */,
				5AE1F80A265A2F1400EE889F /* virtualButtonUITests.xctest */,
			);
			name = Products;
			sourceTree = "<group>";
		};
		5AE1F7EB265A2F1000EE889F /* virtualButton */ = {
			isa = PBXGroup;
			children = (
				5AE1F7EC265A2F1000EE889F /* AppDelegate.swift */,
				5AE1F7EE265A2F1000EE889F /* SceneDelegate.swift */,
				5AE1F7F0265A2F1000EE889F /* ViewController.swift */,
				5AE1F7F2265A2F1000EE889F /* Main.storyboard */,
				5AE1F7F5265A2F1300EE889F /* Assets.xcassets */,
				5AE1F7F7265A2F1300EE889F /* LaunchScreen.storyboard */,
				5AE1F7FA265A2F1400EE889F /* Info.plist */,
			);
			path = virtualButton;
			sourceTree = "<group>";
		};
		5AE1F802265A2F1400EE889F /* virtualButtonTests */ = {
			isa = PBXGroup;
			children = (
				5AE1F803265A2F1400EE889F /* virtualButtonTests.swift */,
				5AE1F805265A2F1400EE889F /* Info.plist */,
			);
			path = virtualButtonTests;
			sourceTree = "<group>";
		};
		5AE1F80D265A2F1400EE889F /* virtualButtonUITests */ = {
			isa = PBXGroup;
			children = (
				5AE1F80E265A2F1400EE889F /* virtualButtonUITests.swift */,
				5AE1F810265A2F1400EE889F /* Info.plist */,
			);
			path = virtualButtonUITests;
			sourceTree = "<group>";
		};
/* End PBXGroup section */

/* Begin PBXNativeTarget section */
		5AE1F7E8265A2F1000EE889F /* virtualButton */ = {
			isa = PBXNativeTarget;
			buildConfigurationList = 5AE1F813265A2F1400EE889F /* Build configuration list for PBXNativeTarget "virtualButton" */;
			buildPhases = (
				5AE1F7E5265A2F1000EE889F /* Sources */,
				5AE1F7E6265A2F1000EE889F /* Frameworks */,
				5AE1F7E7265A2F1000EE889F /* Resources */,
			);
			buildRules = (
			);
			dependencies = (
			);
			name = virtualButton;
			productName = virtualButton;
			productReference = 5AE1F7E9265A2F1000EE889F /* virtualButton.app */;
			productType = "com.apple.product-type.application";
		};
		5AE1F7FE265A2F1400EE889F /* virtualButtonTests */ = {
			isa = PBXNativeTarget;
			buildConfigurationList = 5AE1F816265A2F1400EE889F /* Build configuration list for PBXNativeTarget "virtualButtonTests" */;
			buildPhases = (
				5AE1F7FB265A2F1400EE889F /* Sources */,
				5AE1F7FC265A2F1400EE889F /* Frameworks */,
				5AE1F7FD265A2F1400EE889F /* Resources */,
			);
			buildRules = (
			);
			dependencies = (
				5AE1F801265A2F1400EE889F /* PBXTargetDependency */,
			);
			name = virtualButtonTests;
			productName = virtualButtonTests;
			productReference = 5AE1F7FF265A2F1400EE889F /* virtualButtonTests.xctest */;
			productType = "com.apple.product-type.bundle.unit-test";
		};
		5AE1F809265A2F1400EE889F /* virtualButtonUITests */ = {
			isa = PBXNativeTarget;
			buildConfigurationList = 5AE1F819265A2F1400EE889F /* Build configuration list for PBXNativeTarget "virtualButtonUITests" */;
			buildPhases = (
				5AE1F806265A2F1400EE889F /* Sources */,
				5AE1F807265A2F1400EE889F /* Frameworks */,
				5AE1F808265A2F1400EE889F /* Resources */,
			);
			buildRules = (
			);
			dependencies = (
				5AE1F80C265A2F1400EE889F /* PBXTargetDependency */,
			);
			name = virtualButtonUITests;
			productName = virtualButtonUITests;
			productReference = 5AE1F80A265A2F1400EE889F /* virtualButtonUITests.xctest */;
			productType = "com.apple.product-type.bundle.ui-testing";
		};
/* End PBXNativeTarget section */

/* Begin PBXProject section */
		5AE1F7E1265A2F1000EE889F /* Project object */ = {
			isa = PBXProject;
			attributes = {
				LastSwiftUpdateCheck = 1250;
				LastUpgradeCheck = 1250;
				TargetAttributes = {
					5AE1F7E8265A2F1000EE889F = {
						CreatedOnToolsVersion = 12.5;
					};
					5AE1F7FE265A2F1400EE889F = {
						CreatedOnToolsVersion = 12.5;
						TestTargetID = 5AE1F7E8265A2F1000EE889F;
					};
					5AE1F809265A2F1400EE889F = {
						CreatedOnToolsVersion = 12.5;
						TestTargetID = 5AE1F7E8265A2F1000EE889F;
					};
				};
			};
			buildConfigurationList = 5AE1F7E4265A2F1000EE889F /* Build configuration list for PBXProject "virtualButton" */;
			compatibilityVersion = "Xcode 9.3";
			developmentRegion = en;
			hasScannedForEncodings = 0;
			knownRegions = (
				en,
				Base,
			);
			mainGroup = 5AE1F7E0265A2F1000EE889F;
			productRefGroup = 5AE1F7EA265A2F1000EE889F /* Products */;
			projectDirPath = "";
			projectRoot = "";
			targets = (
				5AE1F7E8265A2F1000EE889F /* virtualButton */,
				5AE1F7FE265A2F1400EE889F /* virtualButtonTests */,
				5AE1F809265A2F1400EE889F /* virtualButtonUITests */,
			);
		};
/* End PBXProject section */

/* Begin PBXResourcesBuildPhase section */
		5AE1F7E7265A2F1000EE889F /* Resources */ = {
			isa = PBXResourcesBuildPhase;
			buildActionMask = 2147483647;
			files = (
				5AE1F7F9265A2F1300EE889F /* LaunchScreen.storyboard in Resources */,
				5AE1F7F6265A2F1300EE889F /* Assets.xcassets in Resources */,
				5AE1F7F4265A2F1000EE889F /* Main.storyboard in Resources */,
			);
			runOnlyForDeploymentPostprocessing = 0;
		};
		5AE1F7FD265A2F1400EE889F /* Resources */ = {
			isa = PBXResourcesBuildPhase;
			buildActionMask = 2147483647;
			files = (
			);
			runOnlyForDeploymentPostprocessing = 0;
		};
		5AE1F808265A2F1400EE889F /* Resources */ = {
			isa = PBXResourcesBuildPhase;
			buildActionMask = 2147483647;
			files = (
			);
			runOnlyForDeploymentPostprocessing = 0;
		};
/* End PBXResourcesBuildPhase section */

/* Begin PBXSourcesBuildPhase section */
		5AE1F7E5265A2F1000EE889F /* Sources */ = {
			isa = PBXSourcesBuildPhase;
			buildActionMask = 2147483647;
			files = (
				5AE1F7F1265A2F1000EE889F /* ViewController.swift in Sources */,
				5AE1F7ED265A2F1000EE889F /* AppDelegate.swift in Sources */,
				5AE1F7EF265A2F1000EE889F /* SceneDelegate.swift in Sources */,
			);
			runOnlyForDeploymentPostprocessing = 0;
		};
		5AE1F7FB265A2F1400EE889F /* Sources */ = {
			isa = PBXSourcesBuildPhase;
			buildActionMask = 2147483647;
			files = (
				5AE1F804265A2F1400EE889F /* virtualButtonTests.swift in Sources */,
			);
			runOnlyForDeploymentPostprocessing = 0;
		};
		5AE1F806265A2F1400EE889F /* Sources */ = {
			isa = PBXSourcesBuildPhase;
			buildActionMask = 2147483647;
			files = (
				5AE1F80F265A2F1400EE889F /* virtualButtonUITests.swift in Sources */,
			);
			runOnlyForDeploymentPostprocessing = 0;
		};
/* End PBXSourcesBuildPhase section */

/* Begin PBXTargetDependency section */
		5AE1F801265A2F1400EE889F /* PBXTargetDependency */ = {
			isa = PBXTargetDependency;
			target = 5AE1F7E8265A2F1000EE889F /* virtualButton */;
			targetProxy = 5AE1F800265A2F1400EE889F /* PBXContainerItemProxy */;
		};
		5AE1F80C265A2F1400EE889F /* PBXTargetDependency */ = {
			isa = PBXTargetDependency;
			target = 5AE1F7E8265A2F1000EE889F /* virtualButton */;
			targetProxy = 5AE1F80B265A2F1400EE889F /* PBXContainerItemProxy */;
		};
/* End PBXTargetDependency section */

/* Begin PBXVariantGroup section */
		5AE1F7F2265A2F1000EE889F /* Main.storyboard */ = {
			isa = PBXVariantGroup;
			children = (
				5AE1F7F3265A2F1000EE889F /* Base */,
			);
			name = Main.storyboard;
			sourceTree = "<group>";
		};
		5AE1F7F7265A2F1300EE889F /* LaunchScreen.storyboard */ = {
			isa = PBXVariantGroup;
			children = (
				5AE1F7F8265A2F1300EE889F /* Base */,
			);
			name = LaunchScreen.storyboard;
			sourceTree = "<group>";
		};
/* End PBXVariantGroup section */

/* Begin XCBuildConfiguration section */
		5AE1F811265A2F1400EE889F /* Debug */ = {
			isa = XCBuildConfiguration;
			buildSettings = {
				ALWAYS_SEARCH_USER_PATHS = NO;
				CLANG_ANALYZER_NONNULL = YES;
				CLANG_ANALYZER_NUMBER_OBJECT_CONVERSION = YES_AGGRESSIVE;
				CLANG_CXX_LANGUAGE_STANDARD = "gnu++14";
				CLANG_CXX_LIBRARY = "libc++";
				CLANG_ENABLE_MODULES = YES;
				CLANG_ENABLE_OBJC_ARC = YES;
				CLANG_ENABLE_OBJC_WEAK = YES;
				CLANG_WARN_BLOCK_CAPTURE_AUTORELEASING = YES;
				CLANG_WARN_BOOL_CONVERSION = YES;
				CLANG_WARN_COMMA = YES;
				CLANG_WARN_CONSTANT_CONVERSION = YES;
				CLANG_WARN_DEPRECATED_OBJC_IMPLEMENTATIONS = YES;
				CLANG_WARN_DIRECT_OBJC_ISA_USAGE = YES_ERROR;
				CLANG_WARN_DOCUMENTATION_COMMENTS = YES;
				CLANG_WARN_EMPTY_BODY = YES;
				CLANG_WARN_ENUM_CONVERSION = YES;
				CLANG_WARN_INFINITE_RECURSION = YES;
				CLANG_WARN_INT_CONVERSION = YES;
				CLANG_WARN_NON_LITERAL_NULL_CONVERSION = YES;
				CLANG_WARN_OBJC_IMPLICIT_RETAIN_SELF = YES;
				CLANG_WARN_OBJC_LITERAL_CONVERSION = YES;
				CLANG_WARN_OBJC_ROOT_CLASS = YES_ERROR;
				CLANG_WARN_QUOTED_INCLUDE_IN_FRAMEWORK_HEADER = YES;
				CLANG_WARN_RANGE_LOOP_ANALYSIS = YES;
				CLANG_WARN_STRICT_PROTOTYPES = YES;
				CLANG_WARN_SUSPICIOUS_MOVE = YES;
				CLANG_WARN_UNGUARDED_AVAILABILITY = YES_AGGRESSIVE;
				CLANG_WARN_UNREACHABLE_CODE = YES;
				CLANG_WARN__DUPLICATE_METHOD_MATCH = YES;
				COPY_PHASE_STRIP = NO;
				DEBUG_INFORMATION_FORMAT = dwarf;
				ENABLE_STRICT_OBJC_MSGSEND = YES;
				ENABLE_TESTABILITY = YES;
				GCC_C_LANGUAGE_STANDARD = gnu11;
				GCC_DYNAMIC_NO_PIC = NO;
				GCC_NO_COMMON_BLOCKS = YES;
				GCC_OPTIMIZATION_LEVEL = 0;
				GCC_PREPROCESSOR_DEFINITIONS = (
					"DEBUG=1",
					"$(inherited)",
				);
				GCC_WARN_64_TO_32_BIT_CONVERSION = YES;
				GCC_WARN_ABOUT_RETURN_TYPE = YES_ERROR;
				GCC_WARN_UNDECLARED_SELECTOR = YES;
				GCC_WARN_UNINITIALIZED_AUTOS = YES_AGGRESSIVE;
				GCC_WARN_UNUSED_FUNCTION = YES;
				GCC_WARN_UNUSED_VARIABLE = YES;
				IPHONEOS_DEPLOYMENT_TARGET = 14.5;
				MTL_ENABLE_DEBUG_INFO = INCLUDE_SOURCE;
				MTL_FAST_MATH = YES;
				ONLY_ACTIVE_ARCH = YES;
				SDKROOT = iphoneos;
				SWIFT_ACTIVE_COMPILATION_CONDITIONS = DEBUG;
				SWIFT_OPTIMIZATION_LEVEL = "-Onone";
			};
			name = Debug;
		};
		5AE1F812265A2F1400EE889F /* Release */ = {
			isa = XCBuildConfiguration;
			buildSettings = {
				ALWAYS_SEARCH_USER_PATHS = NO;
				CLANG_ANALYZER_NONNULL = YES;
				CLANG_ANALYZER_NUMBER_OBJECT_CONVERSION = YES_AGGRESSIVE;
				CLANG_CXX_LANGUAGE_STANDARD = "gnu++14";
				CLANG_CXX_LIBRARY = "libc++";
				CLANG_ENABLE_MODULES = YES;
				CLANG_ENABLE_OBJC_ARC = YES;
				CLANG_ENABLE_OBJC_WEAK = YES;
				CLANG_WARN_BLOCK_CAPTURE_AUTORELEASING = YES;
				CLANG_WARN_BOOL_CONVERSION = YES;
				CLANG_WARN_COMMA = YES;
				CLANG_WARN_CONSTANT_CONVERSION = YES;
				CLANG_WARN_DEPRECATED_OBJC_IMPLEMENTATIONS = YES;
				CLANG_WARN_DIRECT_OBJC_ISA_USAGE = YES_ERROR;
				CLANG_WARN_DOCUMENTATION_COMMENTS = YES;
				CLANG_WARN_EMPTY_BODY = YES;
				CLANG_WARN_ENUM_CONVERSION = YES;
				CLANG_WARN_INFINITE_RECURSION = YES;
				CLANG_WARN_INT_CONVERSION = YES;
				CLANG_WARN_NON_LITERAL_NULL_CONVERSION = YES;
				CLANG_WARN_OBJC_IMPLICIT_RETAIN_SELF = YES;
				CLANG_WARN_OBJC_LITERAL_CONVERSION = YES;
				CLANG_WARN_OBJC_ROOT_CLASS = YES_ERROR;
				CLANG_WARN_QUOTED_INCLUDE_IN_FRAMEWORK_HEADER = YES;
				CLANG_WARN_RANGE_LOOP_ANALYSIS = YES;
				CLANG_WARN_STRICT_PROTOTYPES = YES;
				CLANG_WARN_SUSPICIOUS_MOVE = YES;
				CLANG_WARN_UNGUARDED_AVAILABILITY = YES_AGGRESSIVE;
				CLANG_WARN_UNREACHABLE_CODE = YES;
				CLANG_WARN__DUPLICATE_METHOD_MATCH = YES;
				COPY_PHASE_STRIP = NO;
				DEBUG_INFORMATION_FORMAT = "dwarf-with-dsym";
				ENABLE_NS_ASSERTIONS = NO;
				ENABLE_STRICT_OBJC_MSGSEND = YES;
				GCC_C_LANGUAGE_STANDARD = gnu11;
				GCC_NO_COMMON_BLOCKS = YES;
				GCC_WARN_64_TO_32_BIT_CONVERSION = YES;
				GCC_WARN_ABOUT_RETURN_TYPE = YES_ERROR;
				GCC_WARN_UNDECLARED_SELECTOR = YES;
				GCC_WARN_UNINITIALIZED_AUTOS = YES_AGGRESSIVE;
				GCC_WARN_UNUSED_FUNCTION = YES;
				GCC_WARN_UNUSED_VARIABLE = YES;
				IPHONEOS_DEPLOYMENT_TARGET = 14.5;
				MTL_ENABLE_DEBUG_INFO = NO;
				MTL_FAST_MATH = YES;
				SDKROOT = iphoneos;
				SWIFT_COMPILATION_MODE = wholemodule;
				SWIFT_OPTIMIZATION_LEVEL = "-O";
				VALIDATE_PRODUCT = YES;
			};
			name = Release;
		};
		5AE1F814265A2F1400EE889F /* Debug */ = {
			isa = XCBuildConfiguration;
			buildSettings = {
				ASSETCATALOG_COMPILER_APPICON_NAME = AppIcon;
				ASSETCATALOG_COMPILER_GLOBAL_ACCENT_COLOR_NAME = AccentColor;
				CODE_SIGN_STYLE = Automatic;
				DEVELOPMENT_TEAM = NKCRP99VAX;
				INFOPLIST_FILE = virtualButton/Info.plist;
				LD_RUNPATH_SEARCH_PATHS = (
					"$(inherited)",
					"@executable_path/Frameworks",
				);
				PRODUCT_BUNDLE_IDENTIFIER = com.yanagisawa.ryukiringo.virtualButton;
				PRODUCT_NAME = "$(TARGET_NAME)";
				SWIFT_VERSION = 5.0;
				TARGETED_DEVICE_FAMILY = "1,2";
			};
			name = Debug;
		};
		5AE1F815265A2F1400EE889F /* Release */ = {
			isa = XCBuildConfiguration;
			buildSettings = {
				ASSETCATALOG_COMPILER_APPICON_NAME = AppIcon;
				ASSETCATALOG_COMPILER_GLOBAL_ACCENT_COLOR_NAME = AccentColor;
				CODE_SIGN_STYLE = Automatic;
				DEVELOPMENT_TEAM = NKCRP99VAX;
				INFOPLIST_FILE = virtualButton/Info.plist;
				LD_RUNPATH_SEARCH_PATHS = (
					"$(inherited)",
					"@executable_path/Frameworks",
				);
				PRODUCT_BUNDLE_IDENTIFIER = com.yanagisawa.ryukiringo.virtualButton;
				PRODUCT_NAME = "$(TARGET_NAME)";
				SWIFT_VERSION = 5.0;
				TARGETED_DEVICE_FAMILY = "1,2";
			};
			name = Release;
		};
		5AE1F817265A2F1400EE889F /* Debug */ = {
			isa = XCBuildConfiguration;
			buildSettings = {
				ALWAYS_EMBED_SWIFT_STANDARD_LIBRARIES = YES;
				BUNDLE_LOADER = "$(TEST_HOST)";
				CODE_SIGN_STYLE = Automatic;
				DEVELOPMENT_TEAM = NKCRP99VAX;
				INFOPLIST_FILE = virtualButtonTests/Info.plist;
				IPHONEOS_DEPLOYMENT_TARGET = 14.5;
				LD_RUNPATH_SEARCH_PATHS = (
					"$(inherited)",
					"@executable_path/Frameworks",
					"@loader_path/Frameworks",
				);
				PRODUCT_BUNDLE_IDENTIFIER = com.yanagisawa.ryukiringo.virtualButtonTests;
				PRODUCT_NAME = "$(TARGET_NAME)";
				SWIFT_VERSION = 5.0;
				TARGETED_DEVICE_FAMILY = "1,2";
				TEST_HOST = "$(BUILT_PRODUCTS_DIR)/virtualButton.app/virtualButton";
			};
			name = Debug;
		};
		5AE1F818265A2F1400EE889F /* Release */ = {
			isa = XCBuildConfiguration;
			buildSettings = {
				ALWAYS_EMBED_SWIFT_STANDARD_LIBRARIES = YES;
				BUNDLE_LOADER = "$(TEST_HOST)";
				CODE_SIGN_STYLE = Automatic;
				DEVELOPMENT_TEAM = NKCRP99VAX;
				INFOPLIST_FILE = virtualButtonTests/Info.plist;
				IPHONEOS_DEPLOYMENT_TARGET = 14.5;
				LD_RUNPATH_SEARCH_PATHS = (
					"$(inherited)",
					"@executable_path/Frameworks",
					"@loader_path/Frameworks",
				);
				PRODUCT_BUNDLE_IDENTIFIER = com.yanagisawa.ryukiringo.virtualButtonTests;
				PRODUCT_NAME = "$(TARGET_NAME)";
				SWIFT_VERSION = 5.0;
				TARGETED_DEVICE_FAMILY = "1,2";
				TEST_HOST = "$(BUILT_PRODUCTS_DIR)/virtualButton.app/virtualButton";
			};
			name = Release;
		};
		5AE1F81A265A2F1400EE889F /* Debug */ = {
			isa = XCBuildConfiguration;
			buildSettings = {
				ALWAYS_EMBED_SWIFT_STANDARD_LIBRARIES = YES;
				CODE_SIGN_STYLE = Automatic;
				DEVELOPMENT_TEAM = NKCRP99VAX;
				INFOPLIST_FILE = virtualButtonUITests/Info.plist;
				LD_RUNPATH_SEARCH_PATHS = (
					"$(inherited)",
					"@executable_path/Frameworks",
					"@loader_path/Frameworks",
				);
				PRODUCT_BUNDLE_IDENTIFIER = com.yanagisawa.ryukiringo.virtualButtonUITests;
				PRODUCT_NAME = "$(TARGET_NAME)";
				SWIFT_VERSION = 5.0;
				TARGETED_DEVICE_FAMILY = "1,2";
				TEST_TARGET_NAME = virtualButton;
			};
			name = Debug;
		};
		5AE1F81B265A2F1400EE889F /* Release */ = {
			isa = XCBuildConfiguration;
			buildSettings = {
				ALWAYS_EMBED_SWIFT_STANDARD_LIBRARIES = YES;
				CODE_SIGN_STYLE = Automatic;
				DEVELOPMENT_TEAM = NKCRP99VAX;
				INFOPLIST_FILE = virtualButtonUITests/Info.plist;
				LD_RUNPATH_SEARCH_PATHS = (
					"$(inherited)",
					"@executable_path/Frameworks",
					"@loader_path/Frameworks",
				);
				PRODUCT_BUNDLE_IDENTIFIER = com.yanagisawa.ryukiringo.virtualButtonUITests;
				PRODUCT_NAME = "$(TARGET_NAME)";
				SWIFT_VERSION = 5.0;
				TARGETED_DEVICE_FAMILY = "1,2";
				TEST_TARGET_NAME = virtualButton;
			};
			name = Release;
		};
/* End XCBuildConfiguration section */

/* Begin XCConfigurationList section */
		5AE1F7E4265A2F1000EE889F /* Build configuration list for PBXProject "virtualButton" */ = {
			isa = XCConfigurationList;
			buildConfigurations = (
				5AE1F811265A2F1400EE889F /* Debug */,
				5AE1F812265A2F1400EE889F /* Release */,
			);
			defaultConfigurationIsVisible = 0;
			defaultConfigurationName = Release;
		};
		5AE1F813265A2F1400EE889F /* Build configuration list for PBXNativeTarget "virtualButton" */ = {
			isa = XCConfigurationList;
			buildConfigurations = (
				5AE1F814265A2F1400EE889F /* Debug */,
				5AE1F815265A2F1400EE889F /* Release */,
			);
			defaultConfigurationIsVisible = 0;
			defaultConfigurationName = Release;
		};
		5AE1F816265A2F1400EE889F /* Build configuration list for PBXNativeTarget "virtualButtonTests" */ = {
			isa = XCConfigurationList;
			buildConfigurations = (
				5AE1F817265A2F1400EE889F /* Debug */,
				5AE1F818265A2F1400EE889F /* Release */,
			);
			defaultConfigurationIsVisible = 0;
			defaultConfigurationName = Release;
		};
		5AE1F819265A2F1400EE889F /* Build configuration list for PBXNativeTarget "virtualButtonUITests" */ = {
			isa = XCConfigurationList;
			buildConfigurations = (
				5AE1F81A265A2F1400EE889F /* Debug */,
				5AE1F81B265A2F1400EE889F /* Release */,
			);
			defaultConfigurationIsVisible = 0;
			defaultConfigurationName = Release;
		};
/* End XCConfigurationList section */
	};
	rootObject = 5AE1F7E1265A2F1000EE889F /* Project object */;
}
